
Microsoft Visual Studio Solution File, Format Version 12.00
# Visual Studio Version 17
VisualStudioVersion = 17.4.33122.133
MinimumVisualStudioVersion = 10.0.40219.1
Project("{9A19103F-16F7-4668-BE54-9A1E7A4F7556}") = "HAShop.Api", "HAShop.Api.csproj", "{3669F872-81F8-4CD8-8841-F13B2AF83E45}"
EndProject
Global
	GlobalSection(SolutionConfigurationPlatforms) = preSolution
		Debug|Any CPU = Debug|Any CPU
		Release|Any CPU = Release|Any CPU
	EndGlobalSection
	GlobalSection(ProjectConfigurationPlatforms) = postSolution
		{3669F872-81F8-4CD8-8841-F13B2AF83E45}.Debug|Any CPU.ActiveCfg = Debug|Any CPU
		{3669F872-81F8-4CD8-8841-F13B2AF83E45}.Debug|Any CPU.Build.0 = Debug|Any CPU
		{3669F872-81F8-4CD8-8841-F13B2AF83E45}.Release|Any CPU.ActiveCfg = Release|Any CPU
		{3669F872-81F8-4CD8-8841-F13B2AF83E45}.Release|Any CPU.Build.0 = Release|Any CPU
	EndGlobalSection
	GlobalSection(SolutionProperties) = preSolution
		HideSolutionNode = FALSE
	EndGlobalSection
	GlobalSection(ExtensibilityGlobals) = postSolution
		SolutionGuid = {59FEF103-5292-456F-A245-40AF66411881}
	EndGlobalSection
EndGlobal
